
Microsoft Visual Studio Solution File, Format Version 12.00
# Visual Studio Version 17
VisualStudioVersion = 17.0.31903.59
MinimumVisualStudioVersion = 10.0.40219.1
Project("{FAE04EC0-301F-11D3-BF4B-00C04F79EFBC}") = "BanhMi.Api", "BanhMi.Api\BanhMi.Api.csproj", "{7FF0E1C1-9184-4445-907E-0BCC04065E47}"
EndProject
Project("{FAE04EC0-301F-11D3-BF4B-00C04F79EFBC}") = "BanhMi.Application", "BanhMi.Application\BanhMi.Application.csproj", "{3941F752-5BF5-43CE-8FBA-82239B441B26}"
EndProject
Project("{FAE04EC0-301F-11D3-BF4B-00C04F79EFBC}") = "BanhMi.Domain", "BanhMi.Domain\BanhMi.Domain.csproj", "{15D7DE43-AAA9-4A06-AD8B-1E2FFBEB8360}"
EndProject
Project("{FAE04EC0-301F-11D3-BF4B-00C04F79EFBC}") = "BanhMi.Infrastructure", "BanhMi.Infrastructure\BanhMi.Infrastructure.csproj", "{9A3B9EE0-D339-4814-98FE-43E6C9F536B1}"
EndProject
Project("{FAE04EC0-301F-11D3-BF4B-00C04F79EFBC}") = "BanhMi.Shared", "BanhMi.Shared\BanhMi.Shared.csproj", "{FB29287E-5310-4D0A-8E71-D4A71886DF38}"
EndProject
Project("{2150E333-8FDC-42A3-9474-1A3956D46DE8}") = "Tests", "Tests", "{0AB3BF05-4346-4AA6-1389-037BE0695223}"
EndProject
Project("{FAE04EC0-301F-11D3-BF4B-00C04F79EFBC}") = "BanhMi.Api.Tests", "Tests\BanhMi.Api.Tests\BanhMi.Api.Tests.csproj", "{BD6BF7A5-E3D6-4115-9653-9A91643FDC2A}"
EndProject
Project("{FAE04EC0-301F-11D3-BF4B-00C04F79EFBC}") = "BanhMi.Application.Tests", "Tests\BanhMi.Application.Tests\BanhMi.Application.Tests.csproj", "{B8FFAC6D-7796-4E3F-B04E-FEE6514C53F4}"
EndProject
Project("{FAE04EC0-301F-11D3-BF4B-00C04F79EFBC}") = "BanhMi.Infrastructure.Tests", "Tests\BanhMi.Infrastructure.Tests\BanhMi.Infrastructure.Tests.csproj", "{147CC29C-EC90-4463-80F2-E13D790254B9}"
EndProject
Project("{FAE04EC0-301F-11D3-BF4B-00C04F79EFBC}") = "BanhMi.Domain.Tests", "Tests\BanhMi.Domain.Tests\BanhMi.Domain.Tests.csproj", "{B7BFA45E-A766-4007-961C-EB4EFF4511DE}"
EndProject
Global
	GlobalSection(SolutionConfigurationPlatforms) = preSolution
		Debug|Any CPU = Debug|Any CPU
		Debug|x64 = Debug|x64
		Debug|x86 = Debug|x86
		Release|Any CPU = Release|Any CPU
		Release|x64 = Release|x64
		Release|x86 = Release|x86
	EndGlobalSection
	GlobalSection(ProjectConfigurationPlatforms) = postSolution
		{7FF0E1C1-9184-4445-907E-0BCC04065E47}.Debug|Any CPU.ActiveCfg = Debug|Any CPU
		{7FF0E1C1-9184-4445-907E-0BCC04065E47}.Debug|Any CPU.Build.0 = Debug|Any CPU
		{7FF0E1C1-9184-4445-907E-0BCC04065E47}.Debug|x64.ActiveCfg = Debug|Any CPU
		{7FF0E1C1-9184-4445-907E-0BCC04065E47}.Debug|x64.Build.0 = Debug|Any CPU
		{7FF0E1C1-9184-4445-907E-0BCC04065E47}.Debug|x86.ActiveCfg = Debug|Any CPU
		{7FF0E1C1-9184-4445-907E-0BCC04065E47}.Debug|x86.Build.0 = Debug|Any CPU
		{7FF0E1C1-9184-4445-907E-0BCC04065E47}.Release|Any CPU.ActiveCfg = Release|Any CPU
		{7FF0E1C1-9184-4445-907E-0BCC04065E47}.Release|Any CPU.Build.0 = Release|Any CPU
		{7FF0E1C1-9184-4445-907E-0BCC04065E47}.Release|x64.ActiveCfg = Release|Any CPU
		{7FF0E1C1-9184-4445-907E-0BCC04065E47}.Release|x64.Build.0 = Release|Any CPU
		{7FF0E1C1-9184-4445-907E-0BCC04065E47}.Release|x86.ActiveCfg = Release|Any CPU
		{7FF0E1C1-9184-4445-907E-0BCC04065E47}.Release|x86.Build.0 = Release|Any CPU
		{3941F752-5BF5-43CE-8FBA-82239B441B26}.Debug|Any CPU.ActiveCfg = Debug|Any CPU
		{3941F752-5BF5-43CE-8FBA-82239B441B26}.Debug|Any CPU.Build.0 = Debug|Any CPU
		{3941F752-5BF5-43CE-8FBA-82239B441B26}.Debug|x64.ActiveCfg = Debug|Any CPU
		{3941F752-5BF5-43CE-8FBA-82239B441B26}.Debug|x64.Build.0 = Debug|Any CPU
		{3941F752-5BF5-43CE-8FBA-82239B441B26}.Debug|x86.ActiveCfg = Debug|Any CPU
		{3941F752-5BF5-43CE-8FBA-82239B441B26}.Debug|x86.Build.0 = Debug|Any CPU
		{3941F752-5BF5-43CE-8FBA-82239B441B26}.Release|Any CPU.ActiveCfg = Release|Any CPU
		{3941F752-5BF5-43CE-8FBA-82239B441B26}.Release|Any CPU.Build.0 = Release|Any CPU
		{3941F752-5BF5-43CE-8FBA-82239B441B26}.Release|x64.ActiveCfg = Release|Any CPU
		{3941F752-5BF5-43CE-8FBA-82239B441B26}.Release|x64.Build.0 = Release|Any CPU
		{3941F752-5BF5-43CE-8FBA-82239B441B26}.Release|x86.ActiveCfg = Release|Any CPU
		{3941F752-5BF5-43CE-8FBA-82239B441B26}.Release|x86.Build.0 = Release|Any CPU
		{15D7DE43-AAA9-4A06-AD8B-1E2FFBEB8360}.Debug|Any CPU.ActiveCfg = Debug|Any CPU
		{15D7DE43-AAA9-4A06-AD8B-1E2FFBEB8360}.Debug|Any CPU.Build.0 = Debug|Any CPU
		{15D7DE43-AAA9-4A06-AD8B-1E2FFBEB8360}.Debug|x64.ActiveCfg = Debug|Any CPU
		{15D7DE43-AAA9-4A06-AD8B-1E2FFBEB8360}.Debug|x64.Build.0 = Debug|Any CPU
		{15D7DE43-AAA9-4A06-AD8B-1E2FFBEB8360}.Debug|x86.ActiveCfg = Debug|Any CPU
		{15D7DE43-AAA9-4A06-AD8B-1E2FFBEB8360}.Debug|x86.Build.0 = Debug|Any CPU
		{15D7DE43-AAA9-4A06-AD8B-1E2FFBEB8360}.Release|Any CPU.ActiveCfg = Release|Any CPU
		{15D7DE43-AAA9-4A06-AD8B-1E2FFBEB8360}.Release|Any CPU.Build.0 = Release|Any CPU
		{15D7DE43-AAA9-4A06-AD8B-1E2FFBEB8360}.Release|x64.ActiveCfg = Release|Any CPU
		{15D7DE43-AAA9-4A06-AD8B-1E2FFBEB8360}.Release|x64.Build.0 = Release|Any CPU
		{15D7DE43-AAA9-4A06-AD8B-1E2FFBEB8360}.Release|x86.ActiveCfg = Release|Any CPU
		{15D7DE43-AAA9-4A06-AD8B-1E2FFBEB8360}.Release|x86.Build.0 = Release|Any CPU
		{9A3B9EE0-D339-4814-98FE-43E6C9F536B1}.Debug|Any CPU.ActiveCfg = Debug|Any CPU
		{9A3B9EE0-D339-4814-98FE-43E6C9F536B1}.Debug|Any CPU.Build.0 = Debug|Any CPU
		{9A3B9EE0-D339-4814-98FE-43E6C9F536B1}.Debug|x64.ActiveCfg = Debug|Any CPU
		{9A3B9EE0-D339-4814-98FE-43E6C9F536B1}.Debug|x64.Build.0 = Debug|Any CPU
		{9A3B9EE0-D339-4814-98FE-43E6C9F536B1}.Debug|x86.ActiveCfg = Debug|Any CPU
		{9A3B9EE0-D339-4814-98FE-43E6C9F536B1}.Debug|x86.Build.0 = Debug|Any CPU
		{9A3B9EE0-D339-4814-98FE-43E6C9F536B1}.Release|Any CPU.ActiveCfg = Release|Any CPU
		{9A3B9EE0-D339-4814-98FE-43E6C9F536B1}.Release|Any CPU.Build.0 = Release|Any CPU
		{9A3B9EE0-D339-4814-98FE-43E6C9F536B1}.Release|x64.ActiveCfg = Release|Any CPU
		{9A3B9EE0-D339-4814-98FE-43E6C9F536B1}.Release|x64.Build.0 = Release|Any CPU
		{9A3B9EE0-D339-4814-98FE-43E6C9F536B1}.Release|x86.ActiveCfg = Release|Any CPU
		{9A3B9EE0-D339-4814-98FE-43E6C9F536B1}.Release|x86.Build.0 = Release|Any CPU
		{FB29287E-5310-4D0A-8E71-D4A71886DF38}.Debug|Any CPU.ActiveCfg = Debug|Any CPU
		{FB29287E-5310-4D0A-8E71-D4A71886DF38}.Debug|Any CPU.Build.0 = Debug|Any CPU
		{FB29287E-5310-4D0A-8E71-D4A71886DF38}.Debug|x64.ActiveCfg = Debug|Any CPU
		{FB29287E-5310-4D0A-8E71-D4A71886DF38}.Debug|x64.Build.0 = Debug|Any CPU
		{FB29287E-5310-4D0A-8E71-D4A71886DF38}.Debug|x86.ActiveCfg = Debug|Any CPU
		{FB29287E-5310-4D0A-8E71-D4A71886DF38}.Debug|x86.Build.0 = Debug|Any CPU
		{FB29287E-5310-4D0A-8E71-D4A71886DF38}.Release|Any CPU.ActiveCfg = Release|Any CPU
		{FB29287E-5310-4D0A-8E71-D4A71886DF38}.Release|Any CPU.Build.0 = Release|Any CPU
		{FB29287E-5310-4D0A-8E71-D4A71886DF38}.Release|x64.ActiveCfg = Release|Any CPU
		{FB29287E-5310-4D0A-8E71-D4A71886DF38}.Release|x64.Build.0 = Release|Any CPU
		{FB29287E-5310-4D0A-8E71-D4A71886DF38}.Release|x86.ActiveCfg = Release|Any CPU
		{FB29287E-5310-4D0A-8E71-D4A71886DF38}.Release|x86.Build.0 = Release|Any CPU
		{BD6BF7A5-E3D6-4115-9653-9A91643FDC2A}.Debug|Any CPU.ActiveCfg = Debug|Any CPU
		{BD6BF7A5-E3D6-4115-9653-9A91643FDC2A}.Debug|Any CPU.Build.0 = Debug|Any CPU
		{BD6BF7A5-E3D6-4115-9653-9A91643FDC2A}.Debug|x64.ActiveCfg = Debug|Any CPU
		{BD6BF7A5-E3D6-4115-9653-9A91643FDC2A}.Debug|x64.Build.0 = Debug|Any CPU
		{BD6BF7A5-E3D6-4115-9653-9A91643FDC2A}.Debug|x86.ActiveCfg = Debug|Any CPU
		{BD6BF7A5-E3D6-4115-9653-9A91643FDC2A}.Debug|x86.Build.0 = Debug|Any CPU
		{BD6BF7A5-E3D6-4115-9653-9A91643FDC2A}.Release|Any CPU.ActiveCfg = Release|Any CPU
		{BD6BF7A5-E3D6-4115-9653-9A91643FDC2A}.Release|Any CPU.Build.0 = Release|Any CPU
		{BD6BF7A5-E3D6-4115-9653-9A91643FDC2A}.Release|x64.ActiveCfg = Release|Any CPU
		{BD6BF7A5-E3D6-4115-9653-9A91643FDC2A}.Release|x64.Build.0 = Release|Any CPU
		{BD6BF7A5-E3D6-4115-9653-9A91643FDC2A}.Release|x86.ActiveCfg = Release|Any CPU
		{BD6BF7A5-E3D6-4115-9653-9A91643FDC2A}.Release|x86.Build.0 = Release|Any CPU
		{B8FFAC6D-7796-4E3F-B04E-FEE6514C53F4}.Debug|Any CPU.ActiveCfg = Debug|Any CPU
		{B8FFAC6D-7796-4E3F-B04E-FEE6514C53F4}.Debug|Any CPU.Build.0 = Debug|Any CPU
		{B8FFAC6D-7796-4E3F-B04E-FEE6514C53F4}.Debug|x64.ActiveCfg = Debug|Any CPU
		{B8FFAC6D-7796-4E3F-B04E-FEE6514C53F4}.Debug|x64.Build.0 = Debug|Any CPU
		{B8FFAC6D-7796-4E3F-B04E-FEE6514C53F4}.Debug|x86.ActiveCfg = Debug|Any CPU
		{B8FFAC6D-7796-4E3F-B04E-FEE6514C53F4}.Debug|x86.Build.0 = Debug|Any CPU
		{B8FFAC6D-7796-4E3F-B04E-FEE6514C53F4}.Release|Any CPU.ActiveCfg = Release|Any CPU
		{B8FFAC6D-7796-4E3F-B04E-FEE6514C53F4}.Release|Any CPU.Build.0 = Release|Any CPU
		{B8FFAC6D-7796-4E3F-B04E-FEE6514C53F4}.Release|x64.ActiveCfg = Release|Any CPU
		{B8FFAC6D-7796-4E3F-B04E-FEE6514C53F4}.Release|x64.Build.0 = Release|Any CPU
		{B8FFAC6D-7796-4E3F-B04E-FEE6514C53F4}.Release|x86.ActiveCfg = Release|Any CPU
		{B8FFAC6D-7796-4E3F-B04E-FEE6514C53F4}.Release|x86.Build.0 = Release|Any CPU
		{147CC29C-EC90-4463-80F2-E13D790254B9}.Debug|Any CPU.ActiveCfg = Debug|Any CPU
		{147CC29C-EC90-4463-80F2-E13D790254B9}.Debug|Any CPU.Build.0 = Debug|Any CPU
		{147CC29C-EC90-4463-80F2-E13D790254B9}.Debug|x64.ActiveCfg = Debug|Any CPU
		{147CC29C-EC90-4463-80F2-E13D790254B9}.Debug|x64.Build.0 = Debug|Any CPU
		{147CC29C-EC90-4463-80F2-E13D790254B9}.Debug|x86.ActiveCfg = Debug|Any CPU
		{147CC29C-EC90-4463-80F2-E13D790254B9}.Debug|x86.Build.0 = Debug|Any CPU
		{147CC29C-EC90-4463-80F2-E13D790254B9}.Release|Any CPU.ActiveCfg = Release|Any CPU
		{147CC29C-EC90-4463-80F2-E13D790254B9}.Release|Any CPU.Build.0 = Release|Any CPU
		{147CC29C-EC90-4463-80F2-E13D790254B9}.Release|x64.ActiveCfg = Release|Any CPU
		{147CC29C-EC90-4463-80F2-E13D790254B9}.Release|x64.Build.0 = Release|Any CPU
		{147CC29C-EC90-4463-80F2-E13D790254B9}.Release|x86.ActiveCfg = Release|Any CPU
		{147CC29C-EC90-4463-80F2-E13D790254B9}.Release|x86.Build.0 = Release|Any CPU
		{B7BFA45E-A766-4007-961C-EB4EFF4511DE}.Debug|Any CPU.ActiveCfg = Debug|Any CPU
		{B7BFA45E-A766-4007-961C-EB4EFF4511DE}.Debug|Any CPU.Build.0 = Debug|Any CPU
		{B7BFA45E-A766-4007-961C-EB4EFF4511DE}.Debug|x64.ActiveCfg = Debug|Any CPU
		{B7BFA45E-A766-4007-961C-EB4EFF4511DE}.Debug|x64.Build.0 = Debug|Any CPU
		{B7BFA45E-A766-4007-961C-EB4EFF4511DE}.Debug|x86.ActiveCfg = Debug|Any CPU
		{B7BFA45E-A766-4007-961C-EB4EFF4511DE}.Debug|x86.Build.0 = Debug|Any CPU
		{B7BFA45E-A766-4007-961C-EB4EFF4511DE}.Release|Any CPU.ActiveCfg = Release|Any CPU
		{B7BFA45E-A766-4007-961C-EB4EFF4511DE}.Release|Any CPU.Build.0 = Release|Any CPU
		{B7BFA45E-A766-4007-961C-EB4EFF4511DE}.Release|x64.ActiveCfg = Release|Any CPU
		{B7BFA45E-A766-4007-961C-EB4EFF4511DE}.Release|x64.Build.0 = Release|Any CPU
		{B7BFA45E-A766-4007-961C-EB4EFF4511DE}.Release|x86.ActiveCfg = Release|Any CPU
		{B7BFA45E-A766-4007-961C-EB4EFF4511DE}.Release|x86.Build.0 = Release|Any CPU
	EndGlobalSection
	GlobalSection(SolutionProperties) = preSolution
		HideSolutionNode = FALSE
	EndGlobalSection
	GlobalSection(NestedProjects) = preSolution
		{BD6BF7A5-E3D6-4115-9653-9A91643FDC2A} = {0AB3BF05-4346-4AA6-1389-037BE0695223}
		{B8FFAC6D-7796-4E3F-B04E-FEE6514C53F4} = {0AB3BF05-4346-4AA6-1389-037BE0695223}
		{147CC29C-EC90-4463-80F2-E13D790254B9} = {0AB3BF05-4346-4AA6-1389-037BE0695223}
		{B7BFA45E-A766-4007-961C-EB4EFF4511DE} = {0AB3BF05-4346-4AA6-1389-037BE0695223}
	EndGlobalSection
EndGlobal
